
Microsoft Visual Studio Solution File, Format Version 12.00
# Visual Studio 14
VisualStudioVersion = 14.0.25420.1
MinimumVisualStudioVersion = 10.0.40219.1
Project("{FAE04EC0-301F-11D3-BF4B-00C04F79EFBC}") = "RTSFramework.Core", "RTSFramework.Core\RTSFramework.Core.csproj", "{34343ADE-C3E0-423D-94B6-9D0400F498CB}"
EndProject
Project("{FAE04EC0-301F-11D3-BF4B-00C04F79EFBC}") = "RTSFramework.Contracts", "RTSFramework.Contracts\RTSFramework.Contracts.csproj", "{ED8744A8-1310-45B9-B2E4-93E1F70BCBCC}"
EndProject
Project("{FAE04EC0-301F-11D3-BF4B-00C04F79EFBC}") = "RTSFramework.Concrete.CSharp.Core", "RTSFramework.CSharp\RTSFramework.Concrete.CSharp.Core.csproj", "{ECDB3480-0CF5-4DED-8118-046F41CD4743}"
EndProject
Project("{2150E333-8FDC-42A3-9474-1A3956D46DE8}") = "RTSFramework.Concrete", "RTSFramework.Concrete", "{2D5670A1-5305-4502-83B5-1217842468D7}"
EndProject
Project("{FAE04EC0-301F-11D3-BF4B-00C04F79EFBC}") = "RTSFramework.Concrete.Git", "RTSFramework.Concrete.Git\RTSFramework.Concrete.Git.csproj", "{2B9BB9A5-DB75-4EC9-BE24-0F06619D3216}"
EndProject
Project("{FAE04EC0-301F-11D3-BF4B-00C04F79EFBC}") = "RTSFramework.RTSApproaches.Dynamic", "RTSFramework.Concrete.RTS\RTSFramework.RTSApproaches.Dynamic.csproj", "{748E5AC2-68C2-4B3F-9350-A02726C932A9}"
EndProject
Project("{2150E333-8FDC-42A3-9474-1A3956D46DE8}") = "RTSFramework.RTSApproaches", "RTSFramework.RTSApproaches", "{5538FC18-CF2D-41F8-916A-86780FF3F115}"
EndProject
Project("{FAE04EC0-301F-11D3-BF4B-00C04F79EFBC}") = "RTSFramework.RTSApproaches.CorrespondenceModel", "RTSFramework.RTSApproaches.Utilities\RTSFramework.RTSApproaches.CorrespondenceModel.csproj", "{8E0E2C16-376E-4465-AF69-E1B300726080}"
EndProject
Project("{FAE04EC0-301F-11D3-BF4B-00C04F79EFBC}") = "RTSFramework.Concrete.User", "RTSFramework.Concrete.User\RTSFramework.Concrete.User.csproj", "{FD02117B-DD28-41C8-9A18-655AD2023445}"
EndProject
Project("{FAE04EC0-301F-11D3-BF4B-00C04F79EFBC}") = "RTSFramework.Concrete.TFS2010", "RTSFramework.Concrete.TFS2010\RTSFramework.Concrete.TFS2010.csproj", "{BFA8DBD3-1761-4660-A372-334482F08950}"
EndProject
Project("{FAE04EC0-301F-11D3-BF4B-00C04F79EFBC}") = "RTSFramework.Concrete.Reporting", "RTSFramework.Concrete.Reporting\RTSFramework.Concrete.Reporting.csproj", "{F8157510-D324-4C91-AA56-D68571B9D1C1}"
EndProject
Project("{2150E333-8FDC-42A3-9474-1A3956D46DE8}") = "RTSFramework.Concrete.CSharp", "RTSFramework.Concrete.CSharp", "{B5558029-FF0D-4719-80AB-F9D6EEBABC3E}"
EndProject
Project("{FAE04EC0-301F-11D3-BF4B-00C04F79EFBC}") = "RTSFramework.Concrete.CSharp.MSTest", "RTSFramework.Concrete.CSharp.MSTest\RTSFramework.Concrete.CSharp.MSTest.csproj", "{1A7501D7-DB03-4F97-9D7D-D52193359C74}"
EndProject
Project("{FAE04EC0-301F-11D3-BF4B-00C04F79EFBC}") = "RTSFramework.Concrete.CSharp.Roslyn", "RTSFramework.Concrete.CSharp.Roslyn\RTSFramework.Concrete.CSharp.Roslyn.csproj", "{37205D1E-838E-4CBC-951F-777050368862}"
EndProject
Project("{FAE04EC0-301F-11D3-BF4B-00C04F79EFBC}") = "RTSFramework.RTSApproaches.Static", "RTSFramework.RTSApproaches.ClassSRTS\RTSFramework.RTSApproaches.Static.csproj", "{67114157-0F76-4031-BF1E-5ACDC88C19CE}"
EndProject
Project("{FAE04EC0-301F-11D3-BF4B-00C04F79EFBC}") = "RTSFramework.GUI", "RTSFramework.GUI\RTSFramework.GUI.csproj", "{4268BE9D-9DFB-478D-AF8A-D11CB4421AC4}"
EndProject
Project("{FAE04EC0-301F-11D3-BF4B-00C04F79EFBC}") = "RTSFramework.ViewModels", "RTSFramework.ViewModels\RTSFramework.ViewModels.csproj", "{AD651244-6BF9-49F2-A4FE-4216DBD2FE72}"
EndProject
Project("{FAE04EC0-301F-11D3-BF4B-00C04F79EFBC}") = "RTSFramework.RTSApproaches.Core", "RTSFramework.RTSApproaches.Core\RTSFramework.RTSApproaches.Core.csproj", "{6BE9B2B8-9548-44A9-AB98-583BC4C3962B}"
EndProject
Global
	GlobalSection(SolutionConfigurationPlatforms) = preSolution
		Debug|Any CPU = Debug|Any CPU
		Debug|x86 = Debug|x86
		Release|Any CPU = Release|Any CPU
		Release|x86 = Release|x86
	EndGlobalSection
	GlobalSection(ProjectConfigurationPlatforms) = postSolution
		{34343ADE-C3E0-423D-94B6-9D0400F498CB}.Debug|Any CPU.ActiveCfg = Debug|x86
		{34343ADE-C3E0-423D-94B6-9D0400F498CB}.Debug|x86.ActiveCfg = Debug|x86
		{34343ADE-C3E0-423D-94B6-9D0400F498CB}.Debug|x86.Build.0 = Debug|x86
		{34343ADE-C3E0-423D-94B6-9D0400F498CB}.Release|Any CPU.ActiveCfg = Release|x86
		{34343ADE-C3E0-423D-94B6-9D0400F498CB}.Release|x86.ActiveCfg = Release|x86
		{34343ADE-C3E0-423D-94B6-9D0400F498CB}.Release|x86.Build.0 = Release|x86
		{ED8744A8-1310-45B9-B2E4-93E1F70BCBCC}.Debug|Any CPU.ActiveCfg = Debug|x86
		{ED8744A8-1310-45B9-B2E4-93E1F70BCBCC}.Debug|x86.ActiveCfg = Debug|x86
		{ED8744A8-1310-45B9-B2E4-93E1F70BCBCC}.Debug|x86.Build.0 = Debug|x86
		{ED8744A8-1310-45B9-B2E4-93E1F70BCBCC}.Release|Any CPU.ActiveCfg = Release|x86
		{ED8744A8-1310-45B9-B2E4-93E1F70BCBCC}.Release|x86.ActiveCfg = Release|x86
		{ED8744A8-1310-45B9-B2E4-93E1F70BCBCC}.Release|x86.Build.0 = Release|x86
		{ECDB3480-0CF5-4DED-8118-046F41CD4743}.Debug|Any CPU.ActiveCfg = Debug|x86
		{ECDB3480-0CF5-4DED-8118-046F41CD4743}.Debug|x86.ActiveCfg = Debug|x86
		{ECDB3480-0CF5-4DED-8118-046F41CD4743}.Debug|x86.Build.0 = Debug|x86
		{ECDB3480-0CF5-4DED-8118-046F41CD4743}.Release|Any CPU.ActiveCfg = Release|x86
		{ECDB3480-0CF5-4DED-8118-046F41CD4743}.Release|x86.ActiveCfg = Release|x86
		{ECDB3480-0CF5-4DED-8118-046F41CD4743}.Release|x86.Build.0 = Release|x86
		{2B9BB9A5-DB75-4EC9-BE24-0F06619D3216}.Debug|Any CPU.ActiveCfg = Debug|x86
		{2B9BB9A5-DB75-4EC9-BE24-0F06619D3216}.Debug|x86.ActiveCfg = Debug|x86
		{2B9BB9A5-DB75-4EC9-BE24-0F06619D3216}.Debug|x86.Build.0 = Debug|x86
		{2B9BB9A5-DB75-4EC9-BE24-0F06619D3216}.Release|Any CPU.ActiveCfg = Release|x86
		{2B9BB9A5-DB75-4EC9-BE24-0F06619D3216}.Release|x86.ActiveCfg = Release|x86
		{2B9BB9A5-DB75-4EC9-BE24-0F06619D3216}.Release|x86.Build.0 = Release|x86
		{748E5AC2-68C2-4B3F-9350-A02726C932A9}.Debug|Any CPU.ActiveCfg = Debug|x86
		{748E5AC2-68C2-4B3F-9350-A02726C932A9}.Debug|x86.ActiveCfg = Debug|x86
		{748E5AC2-68C2-4B3F-9350-A02726C932A9}.Debug|x86.Build.0 = Debug|x86
		{748E5AC2-68C2-4B3F-9350-A02726C932A9}.Release|Any CPU.ActiveCfg = Release|x86
		{748E5AC2-68C2-4B3F-9350-A02726C932A9}.Release|x86.ActiveCfg = Release|x86
		{748E5AC2-68C2-4B3F-9350-A02726C932A9}.Release|x86.Build.0 = Release|x86
		{8E0E2C16-376E-4465-AF69-E1B300726080}.Debug|Any CPU.ActiveCfg = Debug|x86
		{8E0E2C16-376E-4465-AF69-E1B300726080}.Debug|x86.ActiveCfg = Debug|x86
		{8E0E2C16-376E-4465-AF69-E1B300726080}.Debug|x86.Build.0 = Debug|x86
		{8E0E2C16-376E-4465-AF69-E1B300726080}.Release|Any CPU.ActiveCfg = Release|x86
		{8E0E2C16-376E-4465-AF69-E1B300726080}.Release|x86.ActiveCfg = Release|x86
		{8E0E2C16-376E-4465-AF69-E1B300726080}.Release|x86.Build.0 = Release|x86
		{FD02117B-DD28-41C8-9A18-655AD2023445}.Debug|Any CPU.ActiveCfg = Debug|x86
		{FD02117B-DD28-41C8-9A18-655AD2023445}.Debug|x86.ActiveCfg = Debug|x86
		{FD02117B-DD28-41C8-9A18-655AD2023445}.Debug|x86.Build.0 = Debug|x86
		{FD02117B-DD28-41C8-9A18-655AD2023445}.Release|Any CPU.ActiveCfg = Release|x86
		{FD02117B-DD28-41C8-9A18-655AD2023445}.Release|x86.ActiveCfg = Release|x86
		{FD02117B-DD28-41C8-9A18-655AD2023445}.Release|x86.Build.0 = Release|x86
		{BFA8DBD3-1761-4660-A372-334482F08950}.Debug|Any CPU.ActiveCfg = Debug|x86
		{BFA8DBD3-1761-4660-A372-334482F08950}.Debug|x86.ActiveCfg = Debug|x86
		{BFA8DBD3-1761-4660-A372-334482F08950}.Debug|x86.Build.0 = Debug|x86
		{BFA8DBD3-1761-4660-A372-334482F08950}.Release|Any CPU.ActiveCfg = Release|x86
		{BFA8DBD3-1761-4660-A372-334482F08950}.Release|x86.ActiveCfg = Release|x86
		{BFA8DBD3-1761-4660-A372-334482F08950}.Release|x86.Build.0 = Release|x86
		{F8157510-D324-4C91-AA56-D68571B9D1C1}.Debug|Any CPU.ActiveCfg = Debug|x86
		{F8157510-D324-4C91-AA56-D68571B9D1C1}.Debug|x86.ActiveCfg = Debug|x86
		{F8157510-D324-4C91-AA56-D68571B9D1C1}.Debug|x86.Build.0 = Debug|x86
		{F8157510-D324-4C91-AA56-D68571B9D1C1}.Release|Any CPU.ActiveCfg = Release|x86
		{F8157510-D324-4C91-AA56-D68571B9D1C1}.Release|x86.ActiveCfg = Release|x86
		{F8157510-D324-4C91-AA56-D68571B9D1C1}.Release|x86.Build.0 = Release|x86
		{1A7501D7-DB03-4F97-9D7D-D52193359C74}.Debug|Any CPU.ActiveCfg = Debug|x86
		{1A7501D7-DB03-4F97-9D7D-D52193359C74}.Debug|x86.ActiveCfg = Debug|x86
		{1A7501D7-DB03-4F97-9D7D-D52193359C74}.Debug|x86.Build.0 = Debug|x86
		{1A7501D7-DB03-4F97-9D7D-D52193359C74}.Release|Any CPU.ActiveCfg = Release|x86
		{1A7501D7-DB03-4F97-9D7D-D52193359C74}.Release|x86.ActiveCfg = Release|x86
		{1A7501D7-DB03-4F97-9D7D-D52193359C74}.Release|x86.Build.0 = Release|x86
		{37205D1E-838E-4CBC-951F-777050368862}.Debug|Any CPU.ActiveCfg = Debug|x86
		{37205D1E-838E-4CBC-951F-777050368862}.Debug|x86.ActiveCfg = Debug|x86
		{37205D1E-838E-4CBC-951F-777050368862}.Debug|x86.Build.0 = Debug|x86
		{37205D1E-838E-4CBC-951F-777050368862}.Release|Any CPU.ActiveCfg = Release|x86
		{37205D1E-838E-4CBC-951F-777050368862}.Release|x86.ActiveCfg = Release|x86
		{37205D1E-838E-4CBC-951F-777050368862}.Release|x86.Build.0 = Release|x86
		{67114157-0F76-4031-BF1E-5ACDC88C19CE}.Debug|Any CPU.ActiveCfg = Debug|x86
		{67114157-0F76-4031-BF1E-5ACDC88C19CE}.Debug|x86.ActiveCfg = Debug|x86
		{67114157-0F76-4031-BF1E-5ACDC88C19CE}.Debug|x86.Build.0 = Debug|x86
		{67114157-0F76-4031-BF1E-5ACDC88C19CE}.Release|Any CPU.ActiveCfg = Release|x86
		{67114157-0F76-4031-BF1E-5ACDC88C19CE}.Release|x86.ActiveCfg = Release|x86
		{67114157-0F76-4031-BF1E-5ACDC88C19CE}.Release|x86.Build.0 = Release|x86
		{4268BE9D-9DFB-478D-AF8A-D11CB4421AC4}.Debug|Any CPU.ActiveCfg = Debug|x86
		{4268BE9D-9DFB-478D-AF8A-D11CB4421AC4}.Debug|x86.ActiveCfg = Debug|x86
		{4268BE9D-9DFB-478D-AF8A-D11CB4421AC4}.Debug|x86.Build.0 = Debug|x86
		{4268BE9D-9DFB-478D-AF8A-D11CB4421AC4}.Release|Any CPU.ActiveCfg = Release|x86
		{4268BE9D-9DFB-478D-AF8A-D11CB4421AC4}.Release|x86.ActiveCfg = Release|x86
		{4268BE9D-9DFB-478D-AF8A-D11CB4421AC4}.Release|x86.Build.0 = Release|x86
		{AD651244-6BF9-49F2-A4FE-4216DBD2FE72}.Debug|Any CPU.ActiveCfg = Debug|x86
		{AD651244-6BF9-49F2-A4FE-4216DBD2FE72}.Debug|x86.ActiveCfg = Debug|x86
		{AD651244-6BF9-49F2-A4FE-4216DBD2FE72}.Debug|x86.Build.0 = Debug|x86
		{AD651244-6BF9-49F2-A4FE-4216DBD2FE72}.Release|Any CPU.ActiveCfg = Release|x86
		{AD651244-6BF9-49F2-A4FE-4216DBD2FE72}.Release|x86.ActiveCfg = Release|x86
		{AD651244-6BF9-49F2-A4FE-4216DBD2FE72}.Release|x86.Build.0 = Release|x86
		{6BE9B2B8-9548-44A9-AB98-583BC4C3962B}.Debug|Any CPU.ActiveCfg = Debug|Any CPU
		{6BE9B2B8-9548-44A9-AB98-583BC4C3962B}.Debug|Any CPU.Build.0 = Debug|Any CPU
		{6BE9B2B8-9548-44A9-AB98-583BC4C3962B}.Debug|x86.ActiveCfg = Debug|x86
		{6BE9B2B8-9548-44A9-AB98-583BC4C3962B}.Debug|x86.Build.0 = Debug|x86
		{6BE9B2B8-9548-44A9-AB98-583BC4C3962B}.Release|Any CPU.ActiveCfg = Release|Any CPU
		{6BE9B2B8-9548-44A9-AB98-583BC4C3962B}.Release|Any CPU.Build.0 = Release|Any CPU
		{6BE9B2B8-9548-44A9-AB98-583BC4C3962B}.Release|x86.ActiveCfg = Release|Any CPU
		{6BE9B2B8-9548-44A9-AB98-583BC4C3962B}.Release|x86.Build.0 = Release|Any CPU
	EndGlobalSection
	GlobalSection(SolutionProperties) = preSolution
		HideSolutionNode = FALSE
	EndGlobalSection
	GlobalSection(NestedProjects) = preSolution
		{ECDB3480-0CF5-4DED-8118-046F41CD4743} = {B5558029-FF0D-4719-80AB-F9D6EEBABC3E}
		{2B9BB9A5-DB75-4EC9-BE24-0F06619D3216} = {2D5670A1-5305-4502-83B5-1217842468D7}
		{748E5AC2-68C2-4B3F-9350-A02726C932A9} = {5538FC18-CF2D-41F8-916A-86780FF3F115}
		{8E0E2C16-376E-4465-AF69-E1B300726080} = {5538FC18-CF2D-41F8-916A-86780FF3F115}
		{FD02117B-DD28-41C8-9A18-655AD2023445} = {2D5670A1-5305-4502-83B5-1217842468D7}
		{BFA8DBD3-1761-4660-A372-334482F08950} = {2D5670A1-5305-4502-83B5-1217842468D7}
		{F8157510-D324-4C91-AA56-D68571B9D1C1} = {2D5670A1-5305-4502-83B5-1217842468D7}
		{B5558029-FF0D-4719-80AB-F9D6EEBABC3E} = {2D5670A1-5305-4502-83B5-1217842468D7}
		{1A7501D7-DB03-4F97-9D7D-D52193359C74} = {B5558029-FF0D-4719-80AB-F9D6EEBABC3E}
		{37205D1E-838E-4CBC-951F-777050368862} = {B5558029-FF0D-4719-80AB-F9D6EEBABC3E}
		{67114157-0F76-4031-BF1E-5ACDC88C19CE} = {5538FC18-CF2D-41F8-916A-86780FF3F115}
		{6BE9B2B8-9548-44A9-AB98-583BC4C3962B} = {5538FC18-CF2D-41F8-916A-86780FF3F115}
	EndGlobalSection
	GlobalSection(ExtensibilityGlobals) = postSolution
		SolutionGuid = {AAF7A022-12B2-4BD2-A5C6-88CCC335231A}
	EndGlobalSection
EndGlobal
